
Microsoft Visual Studio Solution File, Format Version 12.00
# Visual Studio Version 17
VisualStudioVersion = 17.8.34525.116
MinimumVisualStudioVersion = 10.0.40219.1
Project("{FAE04EC0-301F-11D3-BF4B-00C04F79EFBC}") = "Projects", "Projects.csproj", "{DE9867DC-8ED6-4942-8455-5C231B677C1A}"
EndProject
Global
	GlobalSection(SolutionConfigurationPlatforms) = preSolution
		Debug|Any CPU = Debug|Any CPU
		Release|Any CPU = Release|Any CPU
	EndGlobalSection
	GlobalSection(ProjectConfigurationPlatforms) = postSolution
		{DE9867DC-8ED6-4942-8455-5C231B677C1A}.Debug|Any CPU.ActiveCfg = Debug|Any CPU
		{DE9867DC-8ED6-4942-8455-5C231B677C1A}.Debug|Any CPU.Build.0 = Debug|Any CPU
		{DE9867DC-8ED6-4942-8455-5C231B677C1A}.Release|Any CPU.ActiveCfg = Release|Any CPU
		{DE9867DC-8ED6-4942-8455-5C231B677C1A}.Release|Any CPU.Build.0 = Release|Any CPU
	EndGlobalSection
	GlobalSection(SolutionProperties) = preSolution
		HideSolutionNode = FALSE
	EndGlobalSection
	GlobalSection(ExtensibilityGlobals) = postSolution
		SolutionGuid = {DFC1EC5A-B81D-4E5F-B1BD-BA525B7CF589}
	EndGlobalSection
EndGlobal
